
Microsoft Visual Studio Solution File, Format Version 12.00
# Visual Studio Version 17
VisualStudioVersion = 17.6.33723.286
MinimumVisualStudioVersion = 10.0.40219.1
Project("{FAE04EC0-301F-11D3-BF4B-00C04F79EFBC}") = "Web", "Web\Web.csproj", "{070007DE-1B03-475B-9865-83D5B5306E2C}"
EndProject
Global
	GlobalSection(SolutionConfigurationPlatforms) = preSolution
		Debug|Any CPU = Debug|Any CPU
		Release|Any CPU = Release|Any CPU
	EndGlobalSection
	GlobalSection(ProjectConfigurationPlatforms) = postSolution
		{070007DE-1B03-475B-9865-83D5B5306E2C}.Debug|Any CPU.ActiveCfg = Debug|Any CPU
		{070007DE-1B03-475B-9865-83D5B5306E2C}.Debug|Any CPU.Build.0 = Debug|Any CPU
		{070007DE-1B03-475B-9865-83D5B5306E2C}.Release|Any CPU.ActiveCfg = Release|Any CPU
		{070007DE-1B03-475B-9865-83D5B5306E2C}.Release|Any CPU.Build.0 = Release|Any CPU
	EndGlobalSection
	GlobalSection(SolutionProperties) = preSolution
		HideSolutionNode = FALSE
	EndGlobalSection
	GlobalSection(ExtensibilityGlobals) = postSolution
		SolutionGuid = {C77D9D40-BCE4-4340-A518-9B05DF5A995F}
	EndGlobalSection
EndGlobal
